
Microsoft Visual Studio Solution File, Format Version 12.00
# Visual Studio Version 16
VisualStudioVersion = 16.0.29721.120
MinimumVisualStudioVersion = 10.0.40219.1
Project("{9A19103F-16F7-4668-BE54-9A1E7A4F7556}") = "Foundations", "Foundations\Foundations.csproj", "{ADF5C277-F611-413E-89D6-E6EE4B25E20D}"
EndProject
Project("{9A19103F-16F7-4668-BE54-9A1E7A4F7556}") = "GapTraderCore", "GapTraderCore\GapTraderCore.csproj", "{F0375826-575D-4262-8E29-BE8766860A6D}"
EndProject
Project("{9A19103F-16F7-4668-BE54-9A1E7A4F7556}") = "GapTrader.MicroTests", "GapTrader.MicroTests\GapTrader.MicroTests.csproj", "{A7D2295F-502D-43B5-82E8-027DD10B7A15}"
EndProject
Project("{9A19103F-16F7-4668-BE54-9A1E7A4F7556}") = "GapTraderWPF", "GapTraderWPF\GapTraderWPF.csproj", "{DA2DACAF-1A6E-4829-8AC7-E18A21394A0E}"
EndProject
Global
	GlobalSection(SolutionConfigurationPlatforms) = preSolution
		Debug|Any CPU = Debug|Any CPU
		Release|Any CPU = Release|Any CPU
	EndGlobalSection
	GlobalSection(ProjectConfigurationPlatforms) = postSolution
		{ADF5C277-F611-413E-89D6-E6EE4B25E20D}.Debug|Any CPU.ActiveCfg = Debug|Any CPU
		{ADF5C277-F611-413E-89D6-E6EE4B25E20D}.Debug|Any CPU.Build.0 = Debug|Any CPU
		{ADF5C277-F611-413E-89D6-E6EE4B25E20D}.Release|Any CPU.ActiveCfg = Release|Any CPU
		{ADF5C277-F611-413E-89D6-E6EE4B25E20D}.Release|Any CPU.Build.0 = Release|Any CPU
		{F0375826-575D-4262-8E29-BE8766860A6D}.Debug|Any CPU.ActiveCfg = Debug|Any CPU
		{F0375826-575D-4262-8E29-BE8766860A6D}.Debug|Any CPU.Build.0 = Debug|Any CPU
		{F0375826-575D-4262-8E29-BE8766860A6D}.Release|Any CPU.ActiveCfg = Release|Any CPU
		{F0375826-575D-4262-8E29-BE8766860A6D}.Release|Any CPU.Build.0 = Release|Any CPU
		{A7D2295F-502D-43B5-82E8-027DD10B7A15}.Debug|Any CPU.ActiveCfg = Debug|Any CPU
		{A7D2295F-502D-43B5-82E8-027DD10B7A15}.Debug|Any CPU.Build.0 = Debug|Any CPU
		{A7D2295F-502D-43B5-82E8-027DD10B7A15}.Release|Any CPU.ActiveCfg = Release|Any CPU
		{A7D2295F-502D-43B5-82E8-027DD10B7A15}.Release|Any CPU.Build.0 = Release|Any CPU
		{DA2DACAF-1A6E-4829-8AC7-E18A21394A0E}.Debug|Any CPU.ActiveCfg = Debug|Any CPU
		{DA2DACAF-1A6E-4829-8AC7-E18A21394A0E}.Debug|Any CPU.Build.0 = Debug|Any CPU
		{DA2DACAF-1A6E-4829-8AC7-E18A21394A0E}.Release|Any CPU.ActiveCfg = Release|Any CPU
		{DA2DACAF-1A6E-4829-8AC7-E18A21394A0E}.Release|Any CPU.Build.0 = Release|Any CPU
	EndGlobalSection
	GlobalSection(SolutionProperties) = preSolution
		HideSolutionNode = FALSE
	EndGlobalSection
	GlobalSection(ExtensibilityGlobals) = postSolution
		SolutionGuid = {1EEAD079-331D-4482-8C04-316FB5DF1BFF}
	EndGlobalSection
EndGlobal
